// !$*UTF8*$!
{
	archiveVersion = 1;
	classes = {
	};
	objectVersion = 56;
	objects = {

/* Begin PBXBuildFile section */
		AC41C88B2B5529BA005E608F /* AccountDetailsLinkView.swift in Sources */ = {isa = PBXBuildFile; fileRef = AC41C88A2B5529BA005E608F /* AccountDetailsLinkView.swift */; };
		AC41C88D2B552C82005E608F /* AccountDetailsView.swift in Sources */ = {isa = PBXBuildFile; fileRef = AC41C88C2B552C82005E608F /* AccountDetailsView.swift */; };
		AC41C8902B5542BD005E608F /* CustomerViewModel.swift in Sources */ = {isa = PBXBuildFile; fileRef = AC41C88F2B5542BD005E608F /* CustomerViewModel.swift */; };
		AC41C8922B5542E7005E608F /* CustomerModel.swift in Sources */ = {isa = PBXBuildFile; fileRef = AC41C8912B5542E7005E608F /* CustomerModel.swift */; };
		AC4AB3222B570A5400BB61B8 /* DashboardView.swift in Sources */ = {isa = PBXBuildFile; fileRef = AC4AB3212B570A5400BB61B8 /* DashboardView.swift */; };
		AC4AB3242B57137000BB61B8 /* FinanceView.swift in Sources */ = {isa = PBXBuildFile; fileRef = AC4AB3232B57137000BB61B8 /* FinanceView.swift */; };
		ACC57EB32B56962A00D88B4B /* PurchaseView.swift in Sources */ = {isa = PBXBuildFile; fileRef = ACC57EB22B56962A00D88B4B /* PurchaseView.swift */; };
		ACCFBC432B542E1600FEDFB9 /* NewNavigationAPIApp.swift in Sources */ = {isa = PBXBuildFile; fileRef = ACCFBC422B542E1600FEDFB9 /* NewNavigationAPIApp.swift */; };
		ACCFBC452B542E1600FEDFB9 /* TabsView.swift in Sources */ = {isa = PBXBuildFile; fileRef = ACCFBC442B542E1600FEDFB9 /* TabsView.swift */; };
		ACCFBC472B542E1A00FEDFB9 /* Assets.xcassets in Resources */ = {isa = PBXBuildFile; fileRef = ACCFBC462B542E1A00FEDFB9 /* Assets.xcassets */; };
		ACCFBC4A2B542E1A00FEDFB9 /* Preview Assets.xcassets in Resources */ = {isa = PBXBuildFile; fileRef = ACCFBC492B542E1A00FEDFB9 /* Preview Assets.xcassets */; };
		ACCFBC512B542F8800FEDFB9 /* Router.swift in Sources */ = {isa = PBXBuildFile; fileRef = ACCFBC502B542F8800FEDFB9 /* Router.swift */; };
		ACCFBC532B543D0700FEDFB9 /* InvestmentsView.swift in Sources */ = {isa = PBXBuildFile; fileRef = ACCFBC522B543D0700FEDFB9 /* InvestmentsView.swift */; };
		ACCFBC552B543D1600FEDFB9 /* ContributionsView.swift in Sources */ = {isa = PBXBuildFile; fileRef = ACCFBC542B543D1600FEDFB9 /* ContributionsView.swift */; };
		ACCFBC572B543D3600FEDFB9 /* FinancialPlanningView.swift in Sources */ = {isa = PBXBuildFile; fileRef = ACCFBC562B543D3600FEDFB9 /* FinancialPlanningView.swift */; };
/* End PBXBuildFile section */

/* Begin PBXFileReference section */
		AC41C88A2B5529BA005E608F /* AccountDetailsLinkView.swift */ = {isa = PBXFileReference; lastKnownFileType = sourcecode.swift; path = AccountDetailsLinkView.swift; sourceTree = "<group>"; };
		AC41C88C2B552C82005E608F /* AccountDetailsView.swift */ = {isa = PBXFileReference; lastKnownFileType = sourcecode.swift; path = AccountDetailsView.swift; sourceTree = "<group>"; };
		AC41C88F2B5542BD005E608F /* CustomerViewModel.swift */ = {isa = PBXFileReference; lastKnownFileType = sourcecode.swift; path = CustomerViewModel.swift; sourceTree = "<group>"; };
		AC41C8912B5542E7005E608F /* CustomerModel.swift */ = {isa = PBXFileReference; lastKnownFileType = sourcecode.swift; path = CustomerModel.swift; sourceTree = "<group>"; };
		AC4AB3212B570A5400BB61B8 /* DashboardView.swift */ = {isa = PBXFileReference; lastKnownFileType = sourcecode.swift; path = DashboardView.swift; sourceTree = "<group>"; };
		AC4AB3232B57137000BB61B8 /* FinanceView.swift */ = {isa = PBXFileReference; lastKnownFileType = sourcecode.swift; path = FinanceView.swift; sourceTree = "<group>"; };
		ACC57EB22B56962A00D88B4B /* PurchaseView.swift */ = {isa = PBXFileReference; lastKnownFileType = sourcecode.swift; path = PurchaseView.swift; sourceTree = "<group>"; };
		ACCFBC3F2B542E1600FEDFB9 /* NewNavigationAPI.app */ = {isa = PBXFileReference; explicitFileType = wrapper.application; includeInIndex = 0; path = NewNavigationAPI.app; sourceTree = BUILT_PRODUCTS_DIR; };
		ACCFBC422B542E1600FEDFB9 /* NewNavigationAPIApp.swift */ = {isa = PBXFileReference; lastKnownFileType = sourcecode.swift; path = NewNavigationAPIApp.swift; sourceTree = "<group>"; };
		ACCFBC442B542E1600FEDFB9 /* TabsView.swift */ = {isa = PBXFileReference; lastKnownFileType = sourcecode.swift; path = TabsView.swift; sourceTree = "<group>"; };
		ACCFBC462B542E1A00FEDFB9 /* Assets.xcassets */ = {isa = PBXFileReference; lastKnownFileType = folder.assetcatalog; path = Assets.xcassets; sourceTree = "<group>"; };
		ACCFBC492B542E1A00FEDFB9 /* Preview Assets.xcassets */ = {isa = PBXFileReference; lastKnownFileType = folder.assetcatalog; path = "Preview Assets.xcassets"; sourceTree = "<group>"; };
		ACCFBC502B542F8800FEDFB9 /* Router.swift */ = {isa = PBXFileReference; lastKnownFileType = sourcecode.swift; path = Router.swift; sourceTree = "<group>"; };
		ACCFBC522B543D0700FEDFB9 /* InvestmentsView.swift */ = {isa = PBXFileReference; lastKnownFileType = sourcecode.swift; path = InvestmentsView.swift; sourceTree = "<group>"; };
		ACCFBC542B543D1600FEDFB9 /* ContributionsView.swift */ = {isa = PBXFileReference; lastKnownFileType = sourcecode.swift; path = ContributionsView.swift; sourceTree = "<group>"; };
		ACCFBC562B543D3600FEDFB9 /* FinancialPlanningView.swift */ = {isa = PBXFileReference; lastKnownFileType = sourcecode.swift; path = FinancialPlanningView.swift; sourceTree = "<group>"; };
/* End PBXFileReference section */

/* Begin PBXFrameworksBuildPhase section */
		ACCFBC3C2B542E1600FEDFB9 /* Frameworks */ = {
			isa = PBXFrameworksBuildPhase;
			buildActionMask = 2147483647;
			files = (
			);
			runOnlyForDeploymentPostprocessing = 0;
		};
/* End PBXFrameworksBuildPhase section */

/* Begin PBXGroup section */
		AC41C8812B552534005E608F /* Model */ = {
			isa = PBXGroup;
			children = (
				AC41C8912B5542E7005E608F /* CustomerModel.swift */,
			);
			path = Model;
			sourceTree = "<group>";
		};
		AC41C8822B552539005E608F /* View */ = {
			isa = PBXGroup;
			children = (
				ACCFBC562B543D3600FEDFB9 /* FinancialPlanningView.swift */,
				AC4AB3182B56BB4000BB61B8 /* AccountDetails */,
				ACC57EB62B56996400D88B4B /* Purchase */,
				AC41C8892B552907005E608F /* Contributions */,
				AC41C8882B552901005E608F /* Investments */,
			);
			path = View;
			sourceTree = "<group>";
		};
		AC41C8882B552901005E608F /* Investments */ = {
			isa = PBXGroup;
			children = (
				ACCFBC522B543D0700FEDFB9 /* InvestmentsView.swift */,
			);
			path = Investments;
			sourceTree = "<group>";
		};
		AC41C8892B552907005E608F /* Contributions */ = {
			isa = PBXGroup;
			children = (
				ACCFBC542B543D1600FEDFB9 /* ContributionsView.swift */,
			);
			path = Contributions;
			sourceTree = "<group>";
		};
		AC41C88E2B554296005E608F /* ViewModel */ = {
			isa = PBXGroup;
			children = (
				AC41C88F2B5542BD005E608F /* CustomerViewModel.swift */,
			);
			path = ViewModel;
			sourceTree = "<group>";
		};
		AC4AB3182B56BB4000BB61B8 /* AccountDetails */ = {
			isa = PBXGroup;
			children = (
				AC41C88C2B552C82005E608F /* AccountDetailsView.swift */,
				AC41C88A2B5529BA005E608F /* AccountDetailsLinkView.swift */,
			);
			path = AccountDetails;
			sourceTree = "<group>";
		};
		AC4AB3192B57036E00BB61B8 /* Tabs */ = {
			isa = PBXGroup;
			children = (
				AC4AB31C2B570A0F00BB61B8 /* Dashboard */,
				AC4AB31A2B57037600BB61B8 /* Finance */,
			);
			path = Tabs;
			sourceTree = "<group>";
		};
		AC4AB31A2B57037600BB61B8 /* Finance */ = {
			isa = PBXGroup;
			children = (
				AC4AB3232B57137000BB61B8 /* FinanceView.swift */,
				AC4AB3252B57AF3F00BB61B8 /* Features */,
			);
			path = Finance;
			sourceTree = "<group>";
		};
		AC4AB31B2B57096400BB61B8 /* Navigation */ = {
			isa = PBXGroup;
			children = (
				ACCFBC502B542F8800FEDFB9 /* Router.swift */,
			);
			path = Navigation;
			sourceTree = "<group>";
		};
		AC4AB31C2B570A0F00BB61B8 /* Dashboard */ = {
			isa = PBXGroup;
			children = (
				AC4AB3212B570A5400BB61B8 /* DashboardView.swift */,
			);
			path = Dashboard;
			sourceTree = "<group>";
		};
		AC4AB3252B57AF3F00BB61B8 /* Features */ = {
			isa = PBXGroup;
			children = (
				AC4AB3262B57AF4600BB61B8 /* FinancialPlanning */,
			);
			path = Features;
			sourceTree = "<group>";
		};
		AC4AB3262B57AF4600BB61B8 /* FinancialPlanning */ = {
			isa = PBXGroup;
			children = (
				AC41C8812B552534005E608F /* Model */,
				AC41C8822B552539005E608F /* View */,
				AC41C88E2B554296005E608F /* ViewModel */,
				AC4AB31B2B57096400BB61B8 /* Navigation */,
			);
			path = FinancialPlanning;
			sourceTree = "<group>";
		};
		ACC57EB62B56996400D88B4B /* Purchase */ = {
			isa = PBXGroup;
			children = (
				ACC57EB22B56962A00D88B4B /* PurchaseView.swift */,
			);
			path = Purchase;
			sourceTree = "<group>";
		};
		ACCFBC362B542E1600FEDFB9 = {
			isa = PBXGroup;
			children = (
				ACCFBC412B542E1600FEDFB9 /* NewNavigationAPI */,
				ACCFBC402B542E1600FEDFB9 /* Products */,
			);
			sourceTree = "<group>";
		};
		ACCFBC402B542E1600FEDFB9 /* Products */ = {
			isa = PBXGroup;
			children = (
				ACCFBC3F2B542E1600FEDFB9 /* NewNavigationAPI.app */,
			);
			name = Products;
			sourceTree = "<group>";
		};
		ACCFBC412B542E1600FEDFB9 /* NewNavigationAPI */ = {
			isa = PBXGroup;
			children = (
				ACCFBC422B542E1600FEDFB9 /* NewNavigationAPIApp.swift */,
				ACCFBC442B542E1600FEDFB9 /* TabsView.swift */,
				AC4AB3192B57036E00BB61B8 /* Tabs */,
				ACCFBC462B542E1A00FEDFB9 /* Assets.xcassets */,
				ACCFBC482B542E1A00FEDFB9 /* Preview Content */,
			);
			path = NewNavigationAPI;
			sourceTree = "<group>";
		};
		ACCFBC482B542E1A00FEDFB9 /* Preview Content */ = {
			isa = PBXGroup;
			children = (
				ACCFBC492B542E1A00FEDFB9 /* Preview Assets.xcassets */,
			);
			path = "Preview Content";
			sourceTree = "<group>";
		};
/* End PBXGroup section */

/* Begin PBXNativeTarget section */
		ACCFBC3E2B542E1600FEDFB9 /* NewNavigationAPI */ = {
			isa = PBXNativeTarget;
			buildConfigurationList = ACCFBC4D2B542E1A00FEDFB9 /* Build configuration list for PBXNativeTarget "NewNavigationAPI" */;
			buildPhases = (
				ACCFBC3B2B542E1600FEDFB9 /* Sources */,
				ACCFBC3C2B542E1600FEDFB9 /* Frameworks */,
				ACCFBC3D2B542E1600FEDFB9 /* Resources */,
			);
			buildRules = (
			);
			dependencies = (
			);
			name = NewNavigationAPI;
			productName = NewNavigationAPI;
			productReference = ACCFBC3F2B542E1600FEDFB9 /* NewNavigationAPI.app */;
			productType = "com.apple.product-type.application";
		};
/* End PBXNativeTarget section */

/* Begin PBXProject section */
		ACCFBC372B542E1600FEDFB9 /* Project object */ = {
			isa = PBXProject;
			attributes = {
				BuildIndependentTargetsInParallel = 1;
				LastSwiftUpdateCheck = 1520;
				LastUpgradeCheck = 1520;
				TargetAttributes = {
					ACCFBC3E2B542E1600FEDFB9 = {
						CreatedOnToolsVersion = 15.2;
					};
				};
			};
			buildConfigurationList = ACCFBC3A2B542E1600FEDFB9 /* Build configuration list for PBXProject "NewNavigationAPI" */;
			compatibilityVersion = "Xcode 14.0";
			developmentRegion = en;
			hasScannedForEncodings = 0;
			knownRegions = (
				en,
				Base,
			);
			mainGroup = ACCFBC362B542E1600FEDFB9;
			productRefGroup = ACCFBC402B542E1600FEDFB9 /* Products */;
			projectDirPath = "";
			projectRoot = "";
			targets = (
				ACCFBC3E2B542E1600FEDFB9 /* NewNavigationAPI */,
			);
		};
/* End PBXProject section */

/* Begin PBXResourcesBuildPhase section */
		ACCFBC3D2B542E1600FEDFB9 /* Resources */ = {
			isa = PBXResourcesBuildPhase;
			buildActionMask = 2147483647;
			files = (
				ACCFBC4A2B542E1A00FEDFB9 /* Preview Assets.xcassets in Resources */,
				ACCFBC472B542E1A00FEDFB9 /* Assets.xcassets in Resources */,
			);
			runOnlyForDeploymentPostprocessing = 0;
		};
/* End PBXResourcesBuildPhase section */

/* Begin PBXSourcesBuildPhase section */
		ACCFBC3B2B542E1600FEDFB9 /* Sources */ = {
			isa = PBXSourcesBuildPhase;
			buildActionMask = 2147483647;
			files = (
				AC41C88B2B5529BA005E608F /* AccountDetailsLinkView.swift in Sources */,
				AC4AB3222B570A5400BB61B8 /* DashboardView.swift in Sources */,
				AC41C8922B5542E7005E608F /* CustomerModel.swift in Sources */,
				AC4AB3242B57137000BB61B8 /* FinanceView.swift in Sources */,
				AC41C88D2B552C82005E608F /* AccountDetailsView.swift in Sources */,
				ACCFBC452B542E1600FEDFB9 /* TabsView.swift in Sources */,
				ACCFBC572B543D3600FEDFB9 /* FinancialPlanningView.swift in Sources */,
				ACC57EB32B56962A00D88B4B /* PurchaseView.swift in Sources */,
				ACCFBC552B543D1600FEDFB9 /* ContributionsView.swift in Sources */,
				AC41C8902B5542BD005E608F /* CustomerViewModel.swift in Sources */,
				ACCFBC512B542F8800FEDFB9 /* Router.swift in Sources */,
				ACCFBC432B542E1600FEDFB9 /* NewNavigationAPIApp.swift in Sources */,
				ACCFBC532B543D0700FEDFB9 /* InvestmentsView.swift in Sources */,
			);
			runOnlyForDeploymentPostprocessing = 0;
		};
/* End PBXSourcesBuildPhase section */

/* Begin XCBuildConfiguration section */
		ACCFBC4B2B542E1A00FEDFB9 /* Debug */ = {
			isa = XCBuildConfiguration;
			buildSettings = {
				ALWAYS_SEARCH_USER_PATHS = NO;
				ASSETCATALOG_COMPILER_GENERATE_SWIFT_ASSET_SYMBOL_EXTENSIONS = YES;
				CLANG_ANALYZER_NONNULL = YES;
				CLANG_ANALYZER_NUMBER_OBJECT_CONVERSION = YES_AGGRESSIVE;
				CLANG_CXX_LANGUAGE_STANDARD = "gnu++20";
				CLANG_ENABLE_MODULES = YES;
				CLANG_ENABLE_OBJC_ARC = YES;
				CLANG_ENABLE_OBJC_WEAK = YES;
				CLANG_WARN_BLOCK_CAPTURE_AUTORELEASING = YES;
				CLANG_WARN_BOOL_CONVERSION = YES;
				CLANG_WARN_COMMA = YES;
				CLANG_WARN_CONSTANT_CONVERSION = YES;
				CLANG_WARN_DEPRECATED_OBJC_IMPLEMENTATIONS = YES;
				CLANG_WARN_DIRECT_OBJC_ISA_USAGE = YES_ERROR;
				CLANG_WARN_DOCUMENTATION_COMMENTS = YES;
				CLANG_WARN_EMPTY_BODY = YES;
				CLANG_WARN_ENUM_CONVERSION = YES;
				CLANG_WARN_INFINITE_RECURSION = YES;
				CLANG_WARN_INT_CONVERSION = YES;
				CLANG_WARN_NON_LITERAL_NULL_CONVERSION = YES;
				CLANG_WARN_OBJC_IMPLICIT_RETAIN_SELF = YES;
				CLANG_WARN_OBJC_LITERAL_CONVERSION = YES;
				CLANG_WARN_OBJC_ROOT_CLASS = YES_ERROR;
				CLANG_WARN_QUOTED_INCLUDE_IN_FRAMEWORK_HEADER = YES;
				CLANG_WARN_RANGE_LOOP_ANALYSIS = YES;
				CLANG_WARN_STRICT_PROTOTYPES = YES;
				CLANG_WARN_SUSPICIOUS_MOVE = YES;
				CLANG_WARN_UNGUARDED_AVAILABILITY = YES_AGGRESSIVE;
				CLANG_WARN_UNREACHABLE_CODE = YES;
				CLANG_WARN__DUPLICATE_METHOD_MATCH = YES;
				COPY_PHASE_STRIP = NO;
				DEBUG_INFORMATION_FORMAT = dwarf;
				ENABLE_STRICT_OBJC_MSGSEND = YES;
				ENABLE_TESTABILITY = YES;
				ENABLE_USER_SCRIPT_SANDBOXING = YES;
				GCC_C_LANGUAGE_STANDARD = gnu17;
				GCC_DYNAMIC_NO_PIC = NO;
				GCC_NO_COMMON_BLOCKS = YES;
				GCC_OPTIMIZATION_LEVEL = 0;
				GCC_PREPROCESSOR_DEFINITIONS = (
					"DEBUG=1",
					"$(inherited)",
				);
				GCC_WARN_64_TO_32_BIT_CONVERSION = YES;
				GCC_WARN_ABOUT_RETURN_TYPE = YES_ERROR;
				GCC_WARN_UNDECLARED_SELECTOR = YES;
				GCC_WARN_UNINITIALIZED_AUTOS = YES_AGGRESSIVE;
				GCC_WARN_UNUSED_FUNCTION = YES;
				GCC_WARN_UNUSED_VARIABLE = YES;
				IPHONEOS_DEPLOYMENT_TARGET = 16.0;
				LOCALIZATION_PREFERS_STRING_CATALOGS = YES;
				MTL_ENABLE_DEBUG_INFO = INCLUDE_SOURCE;
				MTL_FAST_MATH = YES;
				ONLY_ACTIVE_ARCH = YES;
				SDKROOT = iphoneos;
				SWIFT_ACTIVE_COMPILATION_CONDITIONS = "DEBUG $(inherited)";
				SWIFT_OPTIMIZATION_LEVEL = "-Onone";
			};
			name = Debug;
		};
		ACCFBC4C2B542E1A00FEDFB9 /* Release */ = {
			isa = XCBuildConfiguration;
			buildSettings = {
				ALWAYS_SEARCH_USER_PATHS = NO;
				ASSETCATALOG_COMPILER_GENERATE_SWIFT_ASSET_SYMBOL_EXTENSIONS = YES;
				CLANG_ANALYZER_NONNULL = YES;
				CLANG_ANALYZER_NUMBER_OBJECT_CONVERSION = YES_AGGRESSIVE;
				CLANG_CXX_LANGUAGE_STANDARD = "gnu++20";
				CLANG_ENABLE_MODULES = YES;
				CLANG_ENABLE_OBJC_ARC = YES;
				CLANG_ENABLE_OBJC_WEAK = YES;
				CLANG_WARN_BLOCK_CAPTURE_AUTORELEASING = YES;
				CLANG_WARN_BOOL_CONVERSION = YES;
				CLANG_WARN_COMMA = YES;
				CLANG_WARN_CONSTANT_CONVERSION = YES;
				CLANG_WARN_DEPRECATED_OBJC_IMPLEMENTATIONS = YES;
				CLANG_WARN_DIRECT_OBJC_ISA_USAGE = YES_ERROR;
				CLANG_WARN_DOCUMENTATION_COMMENTS = YES;
				CLANG_WARN_EMPTY_BODY = YES;
				CLANG_WARN_ENUM_CONVERSION = YES;
				CLANG_WARN_INFINITE_RECURSION = YES;
				CLANG_WARN_INT_CONVERSION = YES;
				CLANG_WARN_NON_LITERAL_NULL_CONVERSION = YES;
				CLANG_WARN_OBJC_IMPLICIT_RETAIN_SELF = YES;
				CLANG_WARN_OBJC_LITERAL_CONVERSION = YES;
				CLANG_WARN_OBJC_ROOT_CLASS = YES_ERROR;
				CLANG_WARN_QUOTED_INCLUDE_IN_FRAMEWORK_HEADER = YES;
				CLANG_WARN_RANGE_LOOP_ANALYSIS = YES;
				CLANG_WARN_STRICT_PROTOTYPES = YES;
				CLANG_WARN_SUSPICIOUS_MOVE = YES;
				CLANG_WARN_UNGUARDED_AVAILABILITY = YES_AGGRESSIVE;
				CLANG_WARN_UNREACHABLE_CODE = YES;
				CLANG_WARN__DUPLICATE_METHOD_MATCH = YES;
				COPY_PHASE_STRIP = NO;
				DEBUG_INFORMATION_FORMAT = "dwarf-with-dsym";
				ENABLE_NS_ASSERTIONS = NO;
				ENABLE_STRICT_OBJC_MSGSEND = YES;
				ENABLE_USER_SCRIPT_SANDBOXING = YES;
				GCC_C_LANGUAGE_STANDARD = gnu17;
				GCC_NO_COMMON_BLOCKS = YES;
				GCC_WARN_64_TO_32_BIT_CONVERSION = YES;
				GCC_WARN_ABOUT_RETURN_TYPE = YES_ERROR;
				GCC_WARN_UNDECLARED_SELECTOR = YES;
				GCC_WARN_UNINITIALIZED_AUTOS = YES_AGGRESSIVE;
				GCC_WARN_UNUSED_FUNCTION = YES;
				GCC_WARN_UNUSED_VARIABLE = YES;
				IPHONEOS_DEPLOYMENT_TARGET = 16.0;
				LOCALIZATION_PREFERS_STRING_CATALOGS = YES;
				MTL_ENABLE_DEBUG_INFO = NO;
				MTL_FAST_MATH = YES;
				SDKROOT = iphoneos;
				SWIFT_COMPILATION_MODE = wholemodule;
				VALIDATE_PRODUCT = YES;
			};
			name = Release;
		};
		ACCFBC4E2B542E1A00FEDFB9 /* Debug */ = {
			isa = XCBuildConfiguration;
			buildSettings = {
				ASSETCATALOG_COMPILER_APPICON_NAME = AppIcon;
				ASSETCATALOG_COMPILER_GLOBAL_ACCENT_COLOR_NAME = AccentColor;
				CODE_SIGN_STYLE = Automatic;
				CURRENT_PROJECT_VERSION = 1;
				DEVELOPMENT_ASSET_PATHS = "\"NewNavigationAPI/Preview Content\"";
				DEVELOPMENT_TEAM = 63XWRVA4JU;
				ENABLE_PREVIEWS = YES;
				GENERATE_INFOPLIST_FILE = YES;
				INFOPLIST_KEY_UIApplicationSceneManifest_Generation = YES;
				INFOPLIST_KEY_UIApplicationSupportsIndirectInputEvents = YES;
				INFOPLIST_KEY_UILaunchScreen_Generation = YES;
				INFOPLIST_KEY_UISupportedInterfaceOrientations_iPad = "UIInterfaceOrientationPortrait UIInterfaceOrientationPortraitUpsideDown UIInterfaceOrientationLandscapeLeft UIInterfaceOrientationLandscapeRight";
				INFOPLIST_KEY_UISupportedInterfaceOrientations_iPhone = "UIInterfaceOrientationPortrait UIInterfaceOrientationLandscapeLeft UIInterfaceOrientationLandscapeRight";
				IPHONEOS_DEPLOYMENT_TARGET = 16.0;
				LD_RUNPATH_SEARCH_PATHS = (
					"$(inherited)",
					"@executable_path/Frameworks",
				);
				MARKETING_VERSION = 1.0;
				PRODUCT_BUNDLE_IDENTIFIER = CIC.NewNavigationAPI;
				PRODUCT_NAME = "$(TARGET_NAME)";
				SWIFT_EMIT_LOC_STRINGS = YES;
				SWIFT_VERSION = 5.0;
				TARGETED_DEVICE_FAMILY = "1,2";
			};
			name = Debug;
		};
		ACCFBC4F2B542E1A00FEDFB9 /* Release */ = {
			isa = XCBuildConfiguration;
			buildSettings = {
				ASSETCATALOG_COMPILER_APPICON_NAME = AppIcon;
				ASSETCATALOG_COMPILER_GLOBAL_ACCENT_COLOR_NAME = AccentColor;
				CODE_SIGN_STYLE = Automatic;
				CURRENT_PROJECT_VERSION = 1;
				DEVELOPMENT_ASSET_PATHS = "\"NewNavigationAPI/Preview Content\"";
				DEVELOPMENT_TEAM = 63XWRVA4JU;
				ENABLE_PREVIEWS = YES;
				GENERATE_INFOPLIST_FILE = YES;
				INFOPLIST_KEY_UIApplicationSceneManifest_Generation = YES;
				INFOPLIST_KEY_UIApplicationSupportsIndirectInputEvents = YES;
				INFOPLIST_KEY_UILaunchScreen_Generation = YES;
				INFOPLIST_KEY_UISupportedInterfaceOrientations_iPad = "UIInterfaceOrientationPortrait UIInterfaceOrientationPortraitUpsideDown UIInterfaceOrientationLandscapeLeft UIInterfaceOrientationLandscapeRight";
				INFOPLIST_KEY_UISupportedInterfaceOrientations_iPhone = "UIInterfaceOrientationPortrait UIInterfaceOrientationLandscapeLeft UIInterfaceOrientationLandscapeRight";
				IPHONEOS_DEPLOYMENT_TARGET = 16.0;
				LD_RUNPATH_SEARCH_PATHS = (
					"$(inherited)",
					"@executable_path/Frameworks",
				);
				MARKETING_VERSION = 1.0;
				PRODUCT_BUNDLE_IDENTIFIER = CIC.NewNavigationAPI;
				PRODUCT_NAME = "$(TARGET_NAME)";
				SWIFT_EMIT_LOC_STRINGS = YES;
				SWIFT_VERSION = 5.0;
				TARGETED_DEVICE_FAMILY = "1,2";
			};
			name = Release;
		};
/* End XCBuildConfiguration section */

/* Begin XCConfigurationList section */
		ACCFBC3A2B542E1600FEDFB9 /* Build configuration list for PBXProject "NewNavigationAPI" */ = {
			isa = XCConfigurationList;
			buildConfigurations = (
				ACCFBC4B2B542E1A00FEDFB9 /* Debug */,
				ACCFBC4C2B542E1A00FEDFB9 /* Release */,
			);
			defaultConfigurationIsVisible = 0;
			defaultConfigurationName = Release;
		};
		ACCFBC4D2B542E1A00FEDFB9 /* Build configuration list for PBXNativeTarget "NewNavigationAPI" */ = {
			isa = XCConfigurationList;
			buildConfigurations = (
				ACCFBC4E2B542E1A00FEDFB9 /* Debug */,
				ACCFBC4F2B542E1A00FEDFB9 /* Release */,
			);
			defaultConfigurationIsVisible = 0;
			defaultConfigurationName = Release;
		};
/* End XCConfigurationList section */
	};
	rootObject = ACCFBC372B542E1600FEDFB9 /* Project object */;
}
